
Microsoft Visual Studio Solution File, Format Version 12.00
# Visual Studio Version 17
VisualStudioVersion = 17.2.32526.322
MinimumVisualStudioVersion = 10.0.40219.1
Project("{D954291E-2A0B-460D-934E-DC6B0785DB48}") = "App3.Shared", "App3\App3.Shared\App3.Shared.shproj", "{6279C845-92F8-4333-AB99-3D213163593C}"
EndProject
Project("{2150E333-8FDC-42A3-9474-1A3956D46DE8}") = "Platforms", "Platforms", "{353CB4BE-DA27-4073-8770-FAB1F3DC4DEC}"
EndProject
Project("{9A19103F-16F7-4668-BE54-9A1E7A4F7556}") = "App3.Wasm", "App3\App3.Wasm\App3.Wasm.csproj", "{2E89BE73-808C-4074-9362-6A765157BD6E}"
EndProject
Project("{9A19103F-16F7-4668-BE54-9A1E7A4F7556}") = "App3.Skia.Linux.FrameBuffer", "App3\App3.Skia.Linux.FrameBuffer\App3.Skia.Linux.FrameBuffer.csproj", "{AF620061-78EF-4FDB-AA3C-BDACBB98F0CB}"
EndProject
Project("{9A19103F-16F7-4668-BE54-9A1E7A4F7556}") = "App3.Skia.Wpf", "App3\App3.Skia.Wpf\App3.Skia.Wpf.csproj", "{F5957164-3F2F-4B99-B814-A41E6424A0A2}"
EndProject
Project("{9A19103F-16F7-4668-BE54-9A1E7A4F7556}") = "App3.Skia.Wpf.Host", "App3\App3.Skia.Wpf.Host\App3.Skia.Wpf.Host.csproj", "{7B595E79-A795-454B-B52A-9E7225DEC0E3}"
EndProject
Project("{FAE04EC0-301F-11D3-BF4B-00C04F79EFBC}") = "App3.UWP", "App3\App3.UWP\App3.UWP.csproj", "{A9900367-D9E4-4787-A8CC-83696B9E4A83}"
EndProject
Project("{FAE04EC0-301F-11D3-BF4B-00C04F79EFBC}") = "Shared", "Shared\Shared.csproj", "{A3629371-95E9-4916-BFDA-FBEF9066EF03}"
EndProject
Global
	GlobalSection(SolutionConfigurationPlatforms) = preSolution
		Debug|Any CPU = Debug|Any CPU
		Debug|ARM = Debug|ARM
		Debug|arm64 = Debug|arm64
		Debug|x64 = Debug|x64
		Debug|x86 = Debug|x86
		Release|Any CPU = Release|Any CPU
		Release|ARM = Release|ARM
		Release|arm64 = Release|arm64
		Release|x64 = Release|x64
		Release|x86 = Release|x86
	EndGlobalSection
	GlobalSection(ProjectConfigurationPlatforms) = postSolution
		{2E89BE73-808C-4074-9362-6A765157BD6E}.Debug|Any CPU.ActiveCfg = Debug|Any CPU
		{2E89BE73-808C-4074-9362-6A765157BD6E}.Debug|Any CPU.Build.0 = Debug|Any CPU
		{2E89BE73-808C-4074-9362-6A765157BD6E}.Debug|ARM.ActiveCfg = Debug|Any CPU
		{2E89BE73-808C-4074-9362-6A765157BD6E}.Debug|ARM.Build.0 = Debug|Any CPU
		{2E89BE73-808C-4074-9362-6A765157BD6E}.Debug|arm64.ActiveCfg = Debug|Any CPU
		{2E89BE73-808C-4074-9362-6A765157BD6E}.Debug|arm64.Build.0 = Debug|Any CPU
		{2E89BE73-808C-4074-9362-6A765157BD6E}.Debug|x64.ActiveCfg = Debug|Any CPU
		{2E89BE73-808C-4074-9362-6A765157BD6E}.Debug|x64.Build.0 = Debug|Any CPU
		{2E89BE73-808C-4074-9362-6A765157BD6E}.Debug|x86.ActiveCfg = Debug|Any CPU
		{2E89BE73-808C-4074-9362-6A765157BD6E}.Debug|x86.Build.0 = Debug|Any CPU
		{2E89BE73-808C-4074-9362-6A765157BD6E}.Release|Any CPU.ActiveCfg = Release|Any CPU
		{2E89BE73-808C-4074-9362-6A765157BD6E}.Release|Any CPU.Build.0 = Release|Any CPU
		{2E89BE73-808C-4074-9362-6A765157BD6E}.Release|ARM.ActiveCfg = Release|Any CPU
		{2E89BE73-808C-4074-9362-6A765157BD6E}.Release|ARM.Build.0 = Release|Any CPU
		{2E89BE73-808C-4074-9362-6A765157BD6E}.Release|arm64.ActiveCfg = Release|Any CPU
		{2E89BE73-808C-4074-9362-6A765157BD6E}.Release|arm64.Build.0 = Release|Any CPU
		{2E89BE73-808C-4074-9362-6A765157BD6E}.Release|x64.ActiveCfg = Release|Any CPU
		{2E89BE73-808C-4074-9362-6A765157BD6E}.Release|x64.Build.0 = Release|Any CPU
		{2E89BE73-808C-4074-9362-6A765157BD6E}.Release|x86.ActiveCfg = Release|Any CPU
		{2E89BE73-808C-4074-9362-6A765157BD6E}.Release|x86.Build.0 = Release|Any CPU
		{AF620061-78EF-4FDB-AA3C-BDACBB98F0CB}.Debug|Any CPU.ActiveCfg = Debug|Any CPU
		{AF620061-78EF-4FDB-AA3C-BDACBB98F0CB}.Debug|Any CPU.Build.0 = Debug|Any CPU
		{AF620061-78EF-4FDB-AA3C-BDACBB98F0CB}.Debug|ARM.ActiveCfg = Debug|Any CPU
		{AF620061-78EF-4FDB-AA3C-BDACBB98F0CB}.Debug|ARM.Build.0 = Debug|Any CPU
		{AF620061-78EF-4FDB-AA3C-BDACBB98F0CB}.Debug|arm64.ActiveCfg = Debug|Any CPU
		{AF620061-78EF-4FDB-AA3C-BDACBB98F0CB}.Debug|arm64.Build.0 = Debug|Any CPU
		{AF620061-78EF-4FDB-AA3C-BDACBB98F0CB}.Debug|x64.ActiveCfg = Debug|Any CPU
		{AF620061-78EF-4FDB-AA3C-BDACBB98F0CB}.Debug|x64.Build.0 = Debug|Any CPU
		{AF620061-78EF-4FDB-AA3C-BDACBB98F0CB}.Debug|x86.ActiveCfg = Debug|Any CPU
		{AF620061-78EF-4FDB-AA3C-BDACBB98F0CB}.Debug|x86.Build.0 = Debug|Any CPU
		{AF620061-78EF-4FDB-AA3C-BDACBB98F0CB}.Release|Any CPU.ActiveCfg = Release|Any CPU
		{AF620061-78EF-4FDB-AA3C-BDACBB98F0CB}.Release|Any CPU.Build.0 = Release|Any CPU
		{AF620061-78EF-4FDB-AA3C-BDACBB98F0CB}.Release|ARM.ActiveCfg = Release|Any CPU
		{AF620061-78EF-4FDB-AA3C-BDACBB98F0CB}.Release|ARM.Build.0 = Release|Any CPU
		{AF620061-78EF-4FDB-AA3C-BDACBB98F0CB}.Release|arm64.ActiveCfg = Release|Any CPU
		{AF620061-78EF-4FDB-AA3C-BDACBB98F0CB}.Release|arm64.Build.0 = Release|Any CPU
		{AF620061-78EF-4FDB-AA3C-BDACBB98F0CB}.Release|x64.ActiveCfg = Release|Any CPU
		{AF620061-78EF-4FDB-AA3C-BDACBB98F0CB}.Release|x64.Build.0 = Release|Any CPU
		{AF620061-78EF-4FDB-AA3C-BDACBB98F0CB}.Release|x86.ActiveCfg = Release|Any CPU
		{AF620061-78EF-4FDB-AA3C-BDACBB98F0CB}.Release|x86.Build.0 = Release|Any CPU
		{F5957164-3F2F-4B99-B814-A41E6424A0A2}.Debug|Any CPU.ActiveCfg = Debug|Any CPU
		{F5957164-3F2F-4B99-B814-A41E6424A0A2}.Debug|Any CPU.Build.0 = Debug|Any CPU
		{F5957164-3F2F-4B99-B814-A41E6424A0A2}.Debug|ARM.ActiveCfg = Debug|Any CPU
		{F5957164-3F2F-4B99-B814-A41E6424A0A2}.Debug|ARM.Build.0 = Debug|Any CPU
		{F5957164-3F2F-4B99-B814-A41E6424A0A2}.Debug|arm64.ActiveCfg = Debug|Any CPU
		{F5957164-3F2F-4B99-B814-A41E6424A0A2}.Debug|arm64.Build.0 = Debug|Any CPU
		{F5957164-3F2F-4B99-B814-A41E6424A0A2}.Debug|x64.ActiveCfg = Debug|Any CPU
		{F5957164-3F2F-4B99-B814-A41E6424A0A2}.Debug|x64.Build.0 = Debug|Any CPU
		{F5957164-3F2F-4B99-B814-A41E6424A0A2}.Debug|x86.ActiveCfg = Debug|Any CPU
		{F5957164-3F2F-4B99-B814-A41E6424A0A2}.Debug|x86.Build.0 = Debug|Any CPU
		{F5957164-3F2F-4B99-B814-A41E6424A0A2}.Release|Any CPU.ActiveCfg = Release|Any CPU
		{F5957164-3F2F-4B99-B814-A41E6424A0A2}.Release|Any CPU.Build.0 = Release|Any CPU
		{F5957164-3F2F-4B99-B814-A41E6424A0A2}.Release|ARM.ActiveCfg = Release|Any CPU
		{F5957164-3F2F-4B99-B814-A41E6424A0A2}.Release|ARM.Build.0 = Release|Any CPU
		{F5957164-3F2F-4B99-B814-A41E6424A0A2}.Release|arm64.ActiveCfg = Release|Any CPU
		{F5957164-3F2F-4B99-B814-A41E6424A0A2}.Release|arm64.Build.0 = Release|Any CPU
		{F5957164-3F2F-4B99-B814-A41E6424A0A2}.Release|x64.ActiveCfg = Release|Any CPU
		{F5957164-3F2F-4B99-B814-A41E6424A0A2}.Release|x64.Build.0 = Release|Any CPU
		{F5957164-3F2F-4B99-B814-A41E6424A0A2}.Release|x86.ActiveCfg = Release|Any CPU
		{F5957164-3F2F-4B99-B814-A41E6424A0A2}.Release|x86.Build.0 = Release|Any CPU
		{7B595E79-A795-454B-B52A-9E7225DEC0E3}.Debug|Any CPU.ActiveCfg = Debug|Any CPU
		{7B595E79-A795-454B-B52A-9E7225DEC0E3}.Debug|Any CPU.Build.0 = Debug|Any CPU
		{7B595E79-A795-454B-B52A-9E7225DEC0E3}.Debug|ARM.ActiveCfg = Debug|Any CPU
		{7B595E79-A795-454B-B52A-9E7225DEC0E3}.Debug|ARM.Build.0 = Debug|Any CPU
		{7B595E79-A795-454B-B52A-9E7225DEC0E3}.Debug|arm64.ActiveCfg = Debug|Any CPU
		{7B595E79-A795-454B-B52A-9E7225DEC0E3}.Debug|arm64.Build.0 = Debug|Any CPU
		{7B595E79-A795-454B-B52A-9E7225DEC0E3}.Debug|x64.ActiveCfg = Debug|Any CPU
		{7B595E79-A795-454B-B52A-9E7225DEC0E3}.Debug|x64.Build.0 = Debug|Any CPU
		{7B595E79-A795-454B-B52A-9E7225DEC0E3}.Debug|x86.ActiveCfg = Debug|Any CPU
		{7B595E79-A795-454B-B52A-9E7225DEC0E3}.Debug|x86.Build.0 = Debug|Any CPU
		{7B595E79-A795-454B-B52A-9E7225DEC0E3}.Release|Any CPU.ActiveCfg = Release|Any CPU
		{7B595E79-A795-454B-B52A-9E7225DEC0E3}.Release|Any CPU.Build.0 = Release|Any CPU
		{7B595E79-A795-454B-B52A-9E7225DEC0E3}.Release|ARM.ActiveCfg = Release|Any CPU
		{7B595E79-A795-454B-B52A-9E7225DEC0E3}.Release|ARM.Build.0 = Release|Any CPU
		{7B595E79-A795-454B-B52A-9E7225DEC0E3}.Release|arm64.ActiveCfg = Release|Any CPU
		{7B595E79-A795-454B-B52A-9E7225DEC0E3}.Release|arm64.Build.0 = Release|Any CPU
		{7B595E79-A795-454B-B52A-9E7225DEC0E3}.Release|x64.ActiveCfg = Release|Any CPU
		{7B595E79-A795-454B-B52A-9E7225DEC0E3}.Release|x64.Build.0 = Release|Any CPU
		{7B595E79-A795-454B-B52A-9E7225DEC0E3}.Release|x86.ActiveCfg = Release|Any CPU
		{7B595E79-A795-454B-B52A-9E7225DEC0E3}.Release|x86.Build.0 = Release|Any CPU
		{A9900367-D9E4-4787-A8CC-83696B9E4A83}.Debug|Any CPU.ActiveCfg = Debug|x64
		{A9900367-D9E4-4787-A8CC-83696B9E4A83}.Debug|Any CPU.Build.0 = Debug|x64
		{A9900367-D9E4-4787-A8CC-83696B9E4A83}.Debug|Any CPU.Deploy.0 = Debug|x64
		{A9900367-D9E4-4787-A8CC-83696B9E4A83}.Debug|ARM.ActiveCfg = Debug|ARM
		{A9900367-D9E4-4787-A8CC-83696B9E4A83}.Debug|ARM.Build.0 = Debug|ARM
		{A9900367-D9E4-4787-A8CC-83696B9E4A83}.Debug|ARM.Deploy.0 = Debug|ARM
		{A9900367-D9E4-4787-A8CC-83696B9E4A83}.Debug|arm64.ActiveCfg = Debug|ARM64
		{A9900367-D9E4-4787-A8CC-83696B9E4A83}.Debug|arm64.Build.0 = Debug|ARM64
		{A9900367-D9E4-4787-A8CC-83696B9E4A83}.Debug|arm64.Deploy.0 = Debug|ARM64
		{A9900367-D9E4-4787-A8CC-83696B9E4A83}.Debug|x64.ActiveCfg = Debug|x64
		{A9900367-D9E4-4787-A8CC-83696B9E4A83}.Debug|x64.Build.0 = Debug|x64
		{A9900367-D9E4-4787-A8CC-83696B9E4A83}.Debug|x64.Deploy.0 = Debug|x64
		{A9900367-D9E4-4787-A8CC-83696B9E4A83}.Debug|x86.ActiveCfg = Debug|x86
		{A9900367-D9E4-4787-A8CC-83696B9E4A83}.Debug|x86.Build.0 = Debug|x86
		{A9900367-D9E4-4787-A8CC-83696B9E4A83}.Debug|x86.Deploy.0 = Debug|x86
		{A9900367-D9E4-4787-A8CC-83696B9E4A83}.Release|Any CPU.ActiveCfg = Release|x64
		{A9900367-D9E4-4787-A8CC-83696B9E4A83}.Release|Any CPU.Build.0 = Release|x64
		{A9900367-D9E4-4787-A8CC-83696B9E4A83}.Release|Any CPU.Deploy.0 = Release|x64
		{A9900367-D9E4-4787-A8CC-83696B9E4A83}.Release|ARM.ActiveCfg = Release|ARM
		{A9900367-D9E4-4787-A8CC-83696B9E4A83}.Release|ARM.Build.0 = Release|ARM
		{A9900367-D9E4-4787-A8CC-83696B9E4A83}.Release|ARM.Deploy.0 = Release|ARM
		{A9900367-D9E4-4787-A8CC-83696B9E4A83}.Release|arm64.ActiveCfg = Release|ARM64
		{A9900367-D9E4-4787-A8CC-83696B9E4A83}.Release|arm64.Build.0 = Release|ARM64
		{A9900367-D9E4-4787-A8CC-83696B9E4A83}.Release|arm64.Deploy.0 = Release|ARM64
		{A9900367-D9E4-4787-A8CC-83696B9E4A83}.Release|x64.ActiveCfg = Release|x64
		{A9900367-D9E4-4787-A8CC-83696B9E4A83}.Release|x64.Build.0 = Release|x64
		{A9900367-D9E4-4787-A8CC-83696B9E4A83}.Release|x64.Deploy.0 = Release|x64
		{A9900367-D9E4-4787-A8CC-83696B9E4A83}.Release|x86.ActiveCfg = Release|x86
		{A9900367-D9E4-4787-A8CC-83696B9E4A83}.Release|x86.Build.0 = Release|x86
		{A9900367-D9E4-4787-A8CC-83696B9E4A83}.Release|x86.Deploy.0 = Release|x86
		{A3629371-95E9-4916-BFDA-FBEF9066EF03}.Debug|Any CPU.ActiveCfg = Debug|Any CPU
		{A3629371-95E9-4916-BFDA-FBEF9066EF03}.Debug|Any CPU.Build.0 = Debug|Any CPU
		{A3629371-95E9-4916-BFDA-FBEF9066EF03}.Debug|ARM.ActiveCfg = Debug|Any CPU
		{A3629371-95E9-4916-BFDA-FBEF9066EF03}.Debug|ARM.Build.0 = Debug|Any CPU
		{A3629371-95E9-4916-BFDA-FBEF9066EF03}.Debug|arm64.ActiveCfg = Debug|Any CPU
		{A3629371-95E9-4916-BFDA-FBEF9066EF03}.Debug|arm64.Build.0 = Debug|Any CPU
		{A3629371-95E9-4916-BFDA-FBEF9066EF03}.Debug|x64.ActiveCfg = Debug|Any CPU
		{A3629371-95E9-4916-BFDA-FBEF9066EF03}.Debug|x64.Build.0 = Debug|Any CPU
		{A3629371-95E9-4916-BFDA-FBEF9066EF03}.Debug|x86.ActiveCfg = Debug|Any CPU
		{A3629371-95E9-4916-BFDA-FBEF9066EF03}.Debug|x86.Build.0 = Debug|Any CPU
		{A3629371-95E9-4916-BFDA-FBEF9066EF03}.Release|Any CPU.ActiveCfg = Release|Any CPU
		{A3629371-95E9-4916-BFDA-FBEF9066EF03}.Release|Any CPU.Build.0 = Release|Any CPU
		{A3629371-95E9-4916-BFDA-FBEF9066EF03}.Release|ARM.ActiveCfg = Release|Any CPU
		{A3629371-95E9-4916-BFDA-FBEF9066EF03}.Release|ARM.Build.0 = Release|Any CPU
		{A3629371-95E9-4916-BFDA-FBEF9066EF03}.Release|arm64.ActiveCfg = Release|Any CPU
		{A3629371-95E9-4916-BFDA-FBEF9066EF03}.Release|arm64.Build.0 = Release|Any CPU
		{A3629371-95E9-4916-BFDA-FBEF9066EF03}.Release|x64.ActiveCfg = Release|Any CPU
		{A3629371-95E9-4916-BFDA-FBEF9066EF03}.Release|x64.Build.0 = Release|Any CPU
		{A3629371-95E9-4916-BFDA-FBEF9066EF03}.Release|x86.ActiveCfg = Release|Any CPU
		{A3629371-95E9-4916-BFDA-FBEF9066EF03}.Release|x86.Build.0 = Release|Any CPU
	EndGlobalSection
	GlobalSection(SolutionProperties) = preSolution
		HideSolutionNode = FALSE
	EndGlobalSection
	GlobalSection(NestedProjects) = preSolution
		{2E89BE73-808C-4074-9362-6A765157BD6E} = {353CB4BE-DA27-4073-8770-FAB1F3DC4DEC}
		{AF620061-78EF-4FDB-AA3C-BDACBB98F0CB} = {353CB4BE-DA27-4073-8770-FAB1F3DC4DEC}
		{F5957164-3F2F-4B99-B814-A41E6424A0A2} = {353CB4BE-DA27-4073-8770-FAB1F3DC4DEC}
		{7B595E79-A795-454B-B52A-9E7225DEC0E3} = {353CB4BE-DA27-4073-8770-FAB1F3DC4DEC}
		{A9900367-D9E4-4787-A8CC-83696B9E4A83} = {353CB4BE-DA27-4073-8770-FAB1F3DC4DEC}
	EndGlobalSection
	GlobalSection(ExtensibilityGlobals) = postSolution
		SolutionGuid = {596FA0CC-9C10-40E3-809A-18CD071EF1F3}
	EndGlobalSection
	GlobalSection(SharedMSBuildProjectFiles) = preSolution
		App3\App3.Shared\App3.Shared.projitems*{2e89be73-808c-4074-9362-6a765157bd6e}*SharedItemsImports = 5
		App3\App3.Shared\App3.Shared.projitems*{6279c845-92f8-4333-ab99-3d213163593c}*SharedItemsImports = 13
		App3\App3.Shared\App3.Shared.projitems*{a9900367-d9e4-4787-a8cc-83696b9e4a83}*SharedItemsImports = 4
		App3\App3.Shared\App3.Shared.projitems*{af620061-78ef-4fdb-aa3c-bdacbb98f0cb}*SharedItemsImports = 5
		App3\App3.Shared\App3.Shared.projitems*{f5957164-3f2f-4b99-b814-a41e6424a0a2}*SharedItemsImports = 5
	EndGlobalSection
EndGlobal
